{
  "name": "hexo-helper-live2d",
  "version": "2.1.5",
  "lockfileVersion": 1,
  "requires": true,
  "dependencies": {
    "anymatch": {
      "version": "1.3.2",
      "resolved": "https://registry.npmjs.org/anymatch/-/anymatch-1.3.2.tgz",
      "integrity": "sha512-0XNayC8lTHQ2OI8aljNCN3sSx6hsr/1+rlcDAotXJR7C1oZZHCNsfpbKwMjRA3Uqb5tF1Rae2oloTr4xpq+WjA==",
      "requires": {
        "micromatch": "2.3.11",
        "normalize-path": "2.1.1"
      }
    },
    "arr-diff": {
      "version": "2.0.0",
      "resolved": "https://registry.npmjs.org/arr-diff/-/arr-diff-2.0.0.tgz",
      "integrity": "sha1-jzuCf5Vai9ZpaX5KQlasPOrjVs8=",
      "requires": {
        "arr-flatten": "1.1.0"
      }
    },
    "arr-flatten": {
      "version": "1.1.0",
      "resolved": "https://registry.npmjs.org/arr-flatten/-/arr-flatten-1.1.0.tgz",
      "integrity": "sha512-L3hKV5R/p5o81R7O02IGnwpDmkp6E982XhtbuwSe3O4qOtMMMtodicASA1Cny2U+aCXcNpml+m4dPsvsJ3jatg=="
    },
    "array-unique": {
      "version": "0.2.1",
      "resolved": "https://registry.npmjs.org/array-unique/-/array-unique-0.2.1.tgz",
      "integrity": "sha1-odl8yvy8JiXMcPrc6zalDFiwGlM="
    },
    "async-each": {
      "version": "1.0.1",
      "resolved": "https://registry.npmjs.org/async-each/-/async-each-1.0.1.tgz",
      "integrity": "sha1-GdOGodntxufByF04iu28xW0zYC0="
    },
    "balanced-match": {
      "version": "1.0.0",
      "resolved": "https://registry.npmjs.org/balanced-match/-/balanced-match-1.0.0.tgz",
      "integrity": "sha1-ibTRmasr7kneFk6gK4nORi1xt2c="
    },
    "binary-extensions": {
      "version": "1.11.0",
      "resolved": "https://registry.npmjs.org/binary-extensions/-/binary-extensions-1.11.0.tgz",
      "integrity": "sha1-RqoXUftqL5PuXmibsQh9SxTGwgU="
    },
    "bluebird": {
      "version": "3.5.1",
      "resolved": "https://registry.npmjs.org/bluebird/-/bluebird-3.5.1.tgz",
      "integrity": "sha512-MKiLiV+I1AA596t9w1sQJ8jkiSr5+ZKi0WKrYGUn6d1Fx+Ij4tIj+m2WMQSGczs5jZVxV339chE8iwk6F64wjA=="
    },
    "brace-expansion": {
      "version": "1.1.8",
      "resolved": "https://registry.npmjs.org/brace-expansion/-/brace-expansion-1.1.8.tgz",
      "integrity": "sha1-wHshHHyVLsH479Uad+8NHTmQopI=",
      "requires": {
        "balanced-match": "1.0.0",
        "concat-map": "0.0.1"
      }
    },
    "braces": {
      "version": "1.8.5",
      "resolved": "https://registry.npmjs.org/braces/-/braces-1.8.5.tgz",
      "integrity": "sha1-uneWLhLf+WnWt2cR6RS3N4V79qc=",
      "requires": {
        "expand-range": "1.8.2",
        "preserve": "0.2.0",
        "repeat-element": "1.1.2"
      }
    },
    "chokidar": {
      "version": "1.7.0",
      "resolved": "https://registry.npmjs.org/chokidar/-/chokidar-1.7.0.tgz",
      "integrity": "sha1-eY5ol3gVHIB2tLNg5e3SjNortGg=",
      "requires": {
        "anymatch": "1.3.2",
        "async-each": "1.0.1",
        "glob-parent": "2.0.0",
        "inherits": "2.0.3",
        "is-binary-path": "1.0.1",
        "is-glob": "2.0.1",
        "path-is-absolute": "1.0.1",
        "readdirp": "2.1.0"
      }
    },
    "commander": {
      "version": "2.13.0",
      "resolved": "https://registry.npmjs.org/commander/-/commander-2.13.0.tgz",
      "integrity": "sha512-MVuS359B+YzaWqjCL/c+22gfryv+mCBPHAv3zyVI2GN8EY6IRP8VwtasXn8jyyhvvq84R4ImN1OKRtcbIasjYA=="
    },
    "concat-map": {
      "version": "0.0.1",
      "resolved": "https://registry.npmjs.org/concat-map/-/concat-map-0.0.1.tgz",
      "integrity": "sha1-2Klr13/Wjfd5OnMDajug1UBdR3s="
    },
    "core-util-is": {
      "version": "1.0.2",
      "resolved": "https://registry.npmjs.org/core-util-is/-/core-util-is-1.0.2.tgz",
      "integrity": "sha1-tf1UIgqivFq1eqtxQMlAdUUDwac="
    },
    "escape-string-regexp": {
      "version": "1.0.5",
      "resolved": "https://registry.npmjs.org/escape-string-regexp/-/escape-string-regexp-1.0.5.tgz",
      "integrity": "sha1-G2HAViGQqN/2rjuyzwIAyhMLhtQ="
    },
    "expand-brackets": {
      "version": "0.1.5",
      "resolved": "https://registry.npmjs.org/expand-brackets/-/expand-brackets-0.1.5.tgz",
      "integrity": "sha1-3wcoTjQqgHzXM6xa9yQR5YHRF3s=",
      "requires": {
        "is-posix-bracket": "0.1.1"
      }
    },
    "expand-range": {
      "version": "1.8.2",
      "resolved": "https://registry.npmjs.org/expand-range/-/expand-range-1.8.2.tgz",
      "integrity": "sha1-opnv/TNf4nIeuujiV+x5ZE/IUzc=",
      "requires": {
        "fill-range": "2.2.3"
      }
    },
    "extglob": {
      "version": "0.3.2",
      "resolved": "https://registry.npmjs.org/extglob/-/extglob-0.3.2.tgz",
      "integrity": "sha1-Lhj/PS9JqydlzskCPwEdqo2DSaE=",
      "requires": {
        "is-extglob": "1.0.0"
      }
    },
    "filename-regex": {
      "version": "2.0.1",
      "resolved": "https://registry.npmjs.org/filename-regex/-/filename-regex-2.0.1.tgz",
      "integrity": "sha1-wcS5vuPglyXdsQa3XB4wH+LxiyY="
    },
    "fill-range": {
      "version": "2.2.3",
      "resolved": "https://registry.npmjs.org/fill-range/-/fill-range-2.2.3.tgz",
      "integrity": "sha1-ULd9/X5Gm8dJJHCWNpn+eoSFpyM=",
      "requires": {
        "is-number": "2.1.0",
        "isobject": "2.1.0",
        "randomatic": "1.1.7",
        "repeat-element": "1.1.2",
        "repeat-string": "1.6.1"
      }
    },
    "for-in": {
      "version": "1.0.2",
      "resolved": "https://registry.npmjs.org/for-in/-/for-in-1.0.2.tgz",
      "integrity": "sha1-gQaNKVqBQuwKxybG4iAMMPttXoA="
    },
    "for-own": {
      "version": "0.1.5",
      "resolved": "https://registry.npmjs.org/for-own/-/for-own-0.1.5.tgz",
      "integrity": "sha1-UmXGgaTylNq78XyVCbZ2OqhFEM4=",
      "requires": {
        "for-in": "1.0.2"
      }
    },
    "glob-base": {
      "version": "0.3.0",
      "resolved": "https://registry.npmjs.org/glob-base/-/glob-base-0.3.0.tgz",
      "integrity": "sha1-27Fk9iIbHAscz4Kuoyi0l98Oo8Q=",
      "requires": {
        "glob-parent": "2.0.0",
        "is-glob": "2.0.1"
      }
    },
    "glob-parent": {
      "version": "2.0.0",
      "resolved": "https://registry.npmjs.org/glob-parent/-/glob-parent-2.0.0.tgz",
      "integrity": "sha1-gTg9ctsFT8zPUzbaqQLxgvbtuyg=",
      "requires": {
        "is-glob": "2.0.1"
      }
    },
    "graceful-fs": {
      "version": "4.1.11",
      "resolved": "https://registry.npmjs.org/graceful-fs/-/graceful-fs-4.1.11.tgz",
      "integrity": "sha1-Dovf5NHduIVNZOBOp8AOKgJuVlg="
    },
    "hexo-fs": {
      "version": "0.2.2",
      "resolved": "https://registry.npmjs.org/hexo-fs/-/hexo-fs-0.2.2.tgz",
      "integrity": "sha512-boZoDQYieQJJ4drW40B5XI1Tol/ucEGXSV2qjVWI51NsGbFTNw0PBIZjwSs2rum6QnJIYw50K7uBTo8WXGp/aw==",
      "requires": {
        "bluebird": "3.5.1",
        "chokidar": "1.7.0",
        "escape-string-regexp": "1.0.5",
        "graceful-fs": "4.1.11"
      }
    },
    "inherits": {
      "version": "2.0.3",
      "resolved": "https://registry.npmjs.org/inherits/-/inherits-2.0.3.tgz",
      "integrity": "sha1-Yzwsg+PaQqUC9SRmAiSA9CCCYd4="
    },
    "is-binary-path": {
      "version": "1.0.1",
      "resolved": "https://registry.npmjs.org/is-binary-path/-/is-binary-path-1.0.1.tgz",
      "integrity": "sha1-dfFmQrSA8YenEcgUFh/TpKdlWJg=",
      "requires": {
        "binary-extensions": "1.11.0"
      }
    },
    "is-buffer": {
      "version": "1.1.6",
      "resolved": "https://registry.npmjs.org/is-buffer/-/is-buffer-1.1.6.tgz",
      "integrity": "sha512-NcdALwpXkTm5Zvvbk7owOUSvVvBKDgKP5/ewfXEznmQFfs4ZRmanOeKBTjRVjka3QFoN6XJ+9F3USqfHqTaU5w=="
    },
    "is-dotfile": {
      "version": "1.0.3",
      "resolved": "https://registry.npmjs.org/is-dotfile/-/is-dotfile-1.0.3.tgz",
      "integrity": "sha1-pqLzL/0t+wT1yiXs0Pa4PPeYoeE="
    },
    "is-equal-shallow": {
      "version": "0.1.3",
      "resolved": "https://registry.npmjs.org/is-equal-shallow/-/is-equal-shallow-0.1.3.tgz",
      "integrity": "sha1-IjgJj8Ih3gvPpdnqxMRdY4qhxTQ=",
      "requires": {
        "is-primitive": "2.0.0"
      }
    },
    "is-extendable": {
      "version": "0.1.1",
      "resolved": "https://registry.npmjs.org/is-extendable/-/is-extendable-0.1.1.tgz",
      "integrity": "sha1-YrEQ4omkcUGOPsNqYX1HLjAd/Ik="
    },
    "is-extglob": {
      "version": "1.0.0",
      "resolved": "https://registry.npmjs.org/is-extglob/-/is-extglob-1.0.0.tgz",
      "integrity": "sha1-rEaBd8SUNAWgkvyPKXYMb/xiBsA="
    },
    "is-glob": {
      "version": "2.0.1",
      "resolved": "https://registry.npmjs.org/is-glob/-/is-glob-2.0.1.tgz",
      "integrity": "sha1-0Jb5JqPe1WAPP9/ZEZjLCIjC2GM=",
      "requires": {
        "is-extglob": "1.0.0"
      }
    },
    "is-number": {
      "version": "2.1.0",
      "resolved": "https://registry.npmjs.org/is-number/-/is-number-2.1.0.tgz",
      "integrity": "sha1-Afy7s5NGOlSPL0ZszhbezknbkI8=",
      "requires": {
        "kind-of": "3.2.2"
      }
    },
    "is-posix-bracket": {
      "version": "0.1.1",
      "resolved": "https://registry.npmjs.org/is-posix-bracket/-/is-posix-bracket-0.1.1.tgz",
      "integrity": "sha1-MzTceXdDaOkvAW5vvAqI9c1ua8Q="
    },
    "is-primitive": {
      "version": "2.0.0",
      "resolved": "https://registry.npmjs.org/is-primitive/-/is-primitive-2.0.0.tgz",
      "integrity": "sha1-IHurkWOEmcB7Kt8kCkGochADRXU="
    },
    "isarray": {
      "version": "1.0.0",
      "resolved": "https://registry.npmjs.org/isarray/-/isarray-1.0.0.tgz",
      "integrity": "sha1-u5NdSFgsuhaMBoNJV6VKPgcSTxE="
    },
    "isobject": {
      "version": "2.1.0",
      "resolved": "https://registry.npmjs.org/isobject/-/isobject-2.1.0.tgz",
      "integrity": "sha1-8GVWEJaj8dou9GJy+BXIQNh+DIk=",
      "requires": {
        "isarray": "1.0.0"
      }
    },
    "kind-of": {
      "version": "3.2.2",
      "resolved": "https://registry.npmjs.org/kind-of/-/kind-of-3.2.2.tgz",
      "integrity": "sha1-MeohpzS6ubuw8yRm2JOupR5KPGQ=",
      "requires": {
        "is-buffer": "1.1.6"
      }
    },
    "live2d-widget": {
      "version": "3.0.2",
      "resolved": "https://registry.npmjs.org/live2d-widget/-/live2d-widget-3.0.2.tgz",
      "integrity": "sha512-X0Ao1Oyvd5QEsoH92zjXpSSpMh9VyGZ0fqrc+XdcTYmBQZWeTArNCzGMF6C1iaEdSx9fm7qRhKPOj4StNQezKw=="
    },
    "live2d-widget-model-chitose": {
      "version": "1.0.2",
      "resolved": "https://registry.npmjs.org/live2d-widget-model-chitose/-/live2d-widget-model-chitose-1.0.2.tgz",
      "integrity": "sha512-OL+f+tWdx9XA13/A8pdHi6ot4jm4qDj4RTf/OO8Xo1VzEKRYP2ONHyA32zy466d9ceWd2G/8lDbm+BHREtjPxg==",
      "requires": {
        "live2d-widget": "3.0.2"
      }
    },
    "live2d-widget-model-epsilon2_1": {
      "version": "1.0.1",
      "resolved": "https://registry.npmjs.org/live2d-widget-model-epsilon2_1/-/live2d-widget-model-epsilon2_1-1.0.1.tgz",
      "integrity": "sha512-6c9yJrNLXcIlFr9/yJXBuDBqpJ+YHD2mR3Oi9v+9J1Tw9GqI4oyjmKjbW84Ys88yYeyWnAGPmM9OxJFqWRVu+A==",
      "requires": {
        "live2d-widget": "3.0.2"
      }
    },
    "live2d-widget-model-gf": {
      "version": "1.0.1",
      "resolved": "https://registry.npmjs.org/live2d-widget-model-gf/-/live2d-widget-model-gf-1.0.1.tgz",
      "integrity": "sha512-guMYTTlyAbvovy9MpAz0+jLuwizACOdSr2qS1zvf730jX0nQBvAhCNAiXzo3PGc7R8DIOuVX1ttokhMNcCY1nw==",
      "requires": {
        "live2d-widget": "3.0.2"
      }
    },
    "live2d-widget-model-haru01": {
      "version": "1.0.1",
      "resolved": "https://registry.npmjs.org/live2d-widget-model-haru01/-/live2d-widget-model-haru01-1.0.1.tgz",
      "integrity": "sha512-ExmFQNyzVzhGShhxf7JudEovDw8suyF7r4qzLmZy/c4HvYik89ckVSkvCA9tLWa5e+x9nQ9xqphhAzDUDBwgjQ==",
      "requires": {
        "live2d-widget": "3.0.2"
      }
    },
    "live2d-widget-model-haru02": {
      "version": "1.0.1",
      "resolved": "https://registry.npmjs.org/live2d-widget-model-haru02/-/live2d-widget-model-haru02-1.0.1.tgz",
      "integrity": "sha512-jvdErFPRjAYJZUUacrO7H9JQ+9YE02L5eLUgGwdQ4GnAhfO7Zb2a/Sjyc5gX0THDNcOON3j48e7kVswqPAJX3A==",
      "requires": {
        "live2d-widget": "3.0.2"
      }
    },
    "live2d-widget-model-haruto": {
      "version": "1.0.1",
      "resolved": "https://registry.npmjs.org/live2d-widget-model-haruto/-/live2d-widget-model-haruto-1.0.1.tgz",
      "integrity": "sha512-aAzdyZm+J/bCzME7kxjTEGgmwMH0AQFNL5AtDqEe9Zn16y8Q8FN0JClAwO3gYxv8RMivkDnXCA/hPSN8CQ0StQ==",
      "requires": {
        "live2d-widget": "3.0.2"
      }
    },
    "live2d-widget-model-hibiki": {
      "version": "1.0.1",
      "resolved": "https://registry.npmjs.org/live2d-widget-model-hibiki/-/live2d-widget-model-hibiki-1.0.1.tgz",
      "integrity": "sha512-KnmO5kJIeOkqpgLH8DWetRDRBkMaMy7m/GhiJpXtQmG/oxQogFY/9g4UUM2EH4lf4Z40A8dJZznMPRDrcsehXg==",
      "requires": {
        "live2d-widget": "3.0.2"
      }
    },
    "live2d-widget-model-hijiki": {
      "version": "1.0.1",
      "resolved": "https://registry.npmjs.org/live2d-widget-model-hijiki/-/live2d-widget-model-hijiki-1.0.1.tgz",
      "integrity": "sha512-Vu1FcEvg8A/zBmKp4WU7ylnng49TprXi+S3ESZQ9RuzkQdvNqbDm1gNgYocND42hWyktZT2tE2hFRkJoyGz4Og==",
      "requires": {
        "live2d-widget": "3.0.2"
      }
    },
    "live2d-widget-model-izumi": {
      "version": "1.0.1",
      "resolved": "https://registry.npmjs.org/live2d-widget-model-izumi/-/live2d-widget-model-izumi-1.0.1.tgz",
      "integrity": "sha512-AuTrde9tkYM+lLrl7ZK4AuxxZmdR+foVZohjmOJY0anlgWGaA07DfzhaGCTnVT7G2vop6SzCCmrUvSpCUrfnlw==",
      "requires": {
        "live2d-widget": "3.0.2"
      }
    },
    "live2d-widget-model-koharu": {
      "version": "1.0.1",
      "resolved": "https://registry.npmjs.org/live2d-widget-model-koharu/-/live2d-widget-model-koharu-1.0.1.tgz",
      "integrity": "sha512-Xa+87+DccFUMlJ3Ks6ODAiqszho4oIomMnTElWTdWRI54lv8lSalYERr2xT5Lpej6Jo/mjrAo0A6R6KoJW0meg==",
      "requires": {
        "live2d-widget": "3.0.2"
      }
    },
    "live2d-widget-model-miku": {
      "version": "1.0.1",
      "resolved": "https://registry.npmjs.org/live2d-widget-model-miku/-/live2d-widget-model-miku-1.0.1.tgz",
      "integrity": "sha512-33V/aKWAGQZ13zZlNdU9Pf/hINUKYlRXrXiumvprwi0wyXEAvarO2uGPNJiBgXB7WnveYMEVGUxXXASlS2mw9g==",
      "requires": {
        "live2d-widget": "3.0.2"
      }
    },
    "live2d-widget-model-ni-j": {
      "version": "1.0.1",
      "resolved": "https://registry.npmjs.org/live2d-widget-model-ni-j/-/live2d-widget-model-ni-j-1.0.1.tgz",
      "integrity": "sha512-1UcZgXDZ4kpyucL2VihUzfCDkZ76GGh6a+HNUXxg+6TYxXwNoZ0C7J+Hc0JUR1AiP1A9cDm+1T8xCULsfdNQZQ==",
      "requires": {
        "live2d-widget": "3.0.2"
      }
    },
    "live2d-widget-model-nico": {
      "version": "1.0.1",
      "resolved": "https://registry.npmjs.org/live2d-widget-model-nico/-/live2d-widget-model-nico-1.0.1.tgz",
      "integrity": "sha512-odaSpxfNqpSyzXneC+FCoW5ymL07xIZehozZz2xbiSAilm3iWqnTTyONc/Xoh2xdwgQ392dnRxPIUxXskfCmeQ==",
      "requires": {
        "live2d-widget": "3.0.2"
      }
    },
    "live2d-widget-model-nietzsche": {
      "version": "1.0.1",
      "resolved": "https://registry.npmjs.org/live2d-widget-model-nietzsche/-/live2d-widget-model-nietzsche-1.0.1.tgz",
      "integrity": "sha512-ydH2PeftE9hrvkg3/dLg60HgAfLcu1OfmMyP1RWHUvtPkPr86v/KvkefwrUEEorOkD5YxSxO2j1/N4bo8T4KQw==",
      "requires": {
        "live2d-widget": "3.0.2"
      }
    },
    "live2d-widget-model-nipsilon": {
      "version": "1.0.1",
      "resolved": "https://registry.npmjs.org/live2d-widget-model-nipsilon/-/live2d-widget-model-nipsilon-1.0.1.tgz",
      "integrity": "sha512-PxkGYId1QPa/VRhNNC7yibaDkLZRv6gFQjTFjBBrTy2w8K5v8MQjogpHV10fad6lAS8RY6hvciBfrmUcM39IFw==",
      "requires": {
        "live2d-widget": "3.0.2"
      }
    },
    "live2d-widget-model-nito": {
      "version": "1.0.1",
      "resolved": "https://registry.npmjs.org/live2d-widget-model-nito/-/live2d-widget-model-nito-1.0.1.tgz",
      "integrity": "sha512-AfU9N8GXqskBAu/vY0iKc5dMA3E1KOOc663wAAmQOtVvEcF89puTziFFqhGyIkad48XBHPUy2nTT208ySjau3g==",
      "requires": {
        "live2d-widget": "3.0.2"
      }
    },
    "live2d-widget-model-shizuku": {
      "version": "1.0.1",
      "resolved": "https://registry.npmjs.org/live2d-widget-model-shizuku/-/live2d-widget-model-shizuku-1.0.1.tgz",
      "integrity": "sha512-sg3aWst578iZFXdenlW93c8/ezCu+ybuJrBGlA5JoqS719ZodDsaU/HAiJEf9UBAEQwX51JW1mKlXJNqw7TSfw==",
      "requires": {
        "live2d-widget": "3.0.2"
      }
    },
    "live2d-widget-model-tororo": {
      "version": "1.0.1",
      "resolved": "https://registry.npmjs.org/live2d-widget-model-tororo/-/live2d-widget-model-tororo-1.0.1.tgz",
      "integrity": "sha512-Ysfgq6AK6d84hk+CBfnHlegq0oyZSqX2LIpSvhPaot1d7mGEntGscgx/S4LwDyFTn2eUyresKNHQ7Nrcq4wF0g==",
      "requires": {
        "live2d-widget": "3.0.2"
      }
    },
    "live2d-widget-model-tsumiki": {
      "version": "1.0.1",
      "resolved": "https://registry.npmjs.org/live2d-widget-model-tsumiki/-/live2d-widget-model-tsumiki-1.0.1.tgz",
      "integrity": "sha512-5FK/6WFYzUmFucpmoK9WNpJSuWaJZ2+BK8Y8d8QvVQIcKh5NXq+/iL/O+aA+kHcnfgD7X8/quN5c64Hi15BPnA==",
      "requires": {
        "live2d-widget": "3.0.2"
      }
    },
    "live2d-widget-model-unitychan": {
      "version": "1.0.1",
      "resolved": "https://registry.npmjs.org/live2d-widget-model-unitychan/-/live2d-widget-model-unitychan-1.0.1.tgz",
      "integrity": "sha512-pICu0TRJS4yAzMSl+ZSl7xTK9I1BcMZheRwg4dLW2vCvhe/6qsvHXzAy2pc86u1AcPhFAAHmMu58ERWCo9b1PQ==",
      "requires": {
        "live2d-widget": "3.0.2"
      }
    },
    "live2d-widget-model-wanko": {
      "version": "1.0.1",
      "resolved": "https://registry.npmjs.org/live2d-widget-model-wanko/-/live2d-widget-model-wanko-1.0.1.tgz",
      "integrity": "sha512-VV/iqW8EC3P/EA1VwIpfaVC19X3RQJvnxWSt980dUkwan2sFypPJton8BzRkKs2jtWKGPYR3bHUWCSQctiEUig==",
      "requires": {
        "live2d-widget": "3.0.2"
      }
    },
    "live2d-widget-model-z16": {
      "version": "1.0.1",
      "resolved": "https://registry.npmjs.org/live2d-widget-model-z16/-/live2d-widget-model-z16-1.0.1.tgz",
      "integrity": "sha512-N0zkstCevNhmQtQwABsAOD6dRejvmYY4d/i6WuAQ9oxBWwXK8mjHxy3HcEtepVMEYJvBPcIKi7+kG57wyh40zg==",
      "requires": {
        "live2d-widget": "3.0.2"
      }
    },
    "live2d-widget-models": {
      "version": "1.0.2",
      "resolved": "https://registry.npmjs.org/live2d-widget-models/-/live2d-widget-models-1.0.2.tgz",
      "integrity": "sha512-BSJ5XqmAgbTps3GHVg+8Oit/OTE9oRvMYFn+qD9MiFpysHAYB5cxpPFdgJ0CBjYD10W9OA+nntCfrAsf/9ei5g==",
      "requires": {
        "live2d-widget": "3.0.2",
        "live2d-widget-model-chitose": "1.0.2",
        "live2d-widget-model-epsilon2_1": "1.0.1",
        "live2d-widget-model-gf": "1.0.1",
        "live2d-widget-model-haru01": "1.0.1",
        "live2d-widget-model-haru02": "1.0.1",
        "live2d-widget-model-haruto": "1.0.1",
        "live2d-widget-model-hibiki": "1.0.1",
        "live2d-widget-model-hijiki": "1.0.1",
        "live2d-widget-model-izumi": "1.0.1",
        "live2d-widget-model-koharu": "1.0.1",
        "live2d-widget-model-miku": "1.0.1",
        "live2d-widget-model-ni-j": "1.0.1",
        "live2d-widget-model-nico": "1.0.1",
        "live2d-widget-model-nietzsche": "1.0.1",
        "live2d-widget-model-nipsilon": "1.0.1",
        "live2d-widget-model-nito": "1.0.1",
        "live2d-widget-model-shizuku": "1.0.1",
        "live2d-widget-model-tororo": "1.0.1",
        "live2d-widget-model-tsumiki": "1.0.1",
        "live2d-widget-model-unitychan": "1.0.1",
        "live2d-widget-model-wanko": "1.0.1",
        "live2d-widget-model-z16": "1.0.1"
      }
    },
    "micromatch": {
      "version": "2.3.11",
      "resolved": "https://registry.npmjs.org/micromatch/-/micromatch-2.3.11.tgz",
      "integrity": "sha1-hmd8l9FyCzY0MdBNDRUpO9OMFWU=",
      "requires": {
        "arr-diff": "2.0.0",
        "array-unique": "0.2.1",
        "braces": "1.8.5",
        "expand-brackets": "0.1.5",
        "extglob": "0.3.2",
        "filename-regex": "2.0.1",
        "is-extglob": "1.0.0",
        "is-glob": "2.0.1",
        "kind-of": "3.2.2",
        "normalize-path": "2.1.1",
        "object.omit": "2.0.1",
        "parse-glob": "3.0.4",
        "regex-cache": "0.4.4"
      }
    },
    "minimatch": {
      "version": "3.0.4",
      "resolved": "https://registry.npmjs.org/minimatch/-/minimatch-3.0.4.tgz",
      "integrity": "sha512-yJHVQEhyqPLUTgt9B83PXu6W3rx4MvvHvSUvToogpwoGDOUQ+yDrR0HRot+yOCdCO7u4hX3pWft6kWBBcqh0UA==",
      "requires": {
        "brace-expansion": "1.1.8"
      }
    },
    "normalize-path": {
      "version": "2.1.1",
      "resolved": "https://registry.npmjs.org/normalize-path/-/normalize-path-2.1.1.tgz",
      "integrity": "sha1-GrKLVW4Zg2Oowab35vogE3/mrtk=",
      "requires": {
        "remove-trailing-separator": "1.1.0"
      }
    },
    "object.omit": {
      "version": "2.0.1",
      "resolved": "https://registry.npmjs.org/object.omit/-/object.omit-2.0.1.tgz",
      "integrity": "sha1-Gpx0SCnznbuFjHbKNXmuKlTr0fo=",
      "requires": {
        "for-own": "0.1.5",
        "is-extendable": "0.1.1"
      }
    },
    "parse-glob": {
      "version": "3.0.4",
      "resolved": "https://registry.npmjs.org/parse-glob/-/parse-glob-3.0.4.tgz",
      "integrity": "sha1-ssN2z7EfNVE7rdFz7wu246OIORw=",
      "requires": {
        "glob-base": "0.3.0",
        "is-dotfile": "1.0.3",
        "is-extglob": "1.0.0",
        "is-glob": "2.0.1"
      }
    },
    "path": {
      "version": "0.12.7",
      "resolved": "https://registry.npmjs.org/path/-/path-0.12.7.tgz",
      "integrity": "sha1-1NwqUGxM4hl+tIHr/NWzbAFAsQ8=",
      "requires": {
        "process": "0.11.10",
        "util": "0.10.3"
      }
    },
    "path-is-absolute": {
      "version": "1.0.1",
      "resolved": "https://registry.npmjs.org/path-is-absolute/-/path-is-absolute-1.0.1.tgz",
      "integrity": "sha1-F0uSaHNVNP+8es5r9TpanhtcX18="
    },
    "preserve": {
      "version": "0.2.0",
      "resolved": "https://registry.npmjs.org/preserve/-/preserve-0.2.0.tgz",
      "integrity": "sha1-gV7R9uvGWSb4ZbMQwHE7yzMVzks="
    },
    "process": {
      "version": "0.11.10",
      "resolved": "https://registry.npmjs.org/process/-/process-0.11.10.tgz",
      "integrity": "sha1-czIwDoQBYb2j5podHZGn1LwW8YI="
    },
    "process-nextick-args": {
      "version": "1.0.7",
      "resolved": "https://registry.npmjs.org/process-nextick-args/-/process-nextick-args-1.0.7.tgz",
      "integrity": "sha1-FQ4gt1ZZCtP5EJPyWk8q2L/zC6M="
    },
    "randomatic": {
      "version": "1.1.7",
      "resolved": "https://registry.npmjs.org/randomatic/-/randomatic-1.1.7.tgz",
      "integrity": "sha512-D5JUjPyJbaJDkuAazpVnSfVkLlpeO3wDlPROTMLGKG1zMFNFRgrciKo1ltz/AzNTkqE0HzDx655QOL51N06how==",
      "requires": {
        "is-number": "3.0.0",
        "kind-of": "4.0.0"
      },
      "dependencies": {
        "is-number": {
          "version": "3.0.0",
          "resolved": "https://registry.npmjs.org/is-number/-/is-number-3.0.0.tgz",
          "integrity": "sha1-JP1iAaR4LPUFYcgQJ2r8fRLXEZU=",
          "requires": {
            "kind-of": "3.2.2"
          },
          "dependencies": {
            "kind-of": {
              "version": "3.2.2",
              "resolved": "https://registry.npmjs.org/kind-of/-/kind-of-3.2.2.tgz",
              "integrity": "sha1-MeohpzS6ubuw8yRm2JOupR5KPGQ=",
              "requires": {
                "is-buffer": "1.1.6"
              }
            }
          }
        },
        "kind-of": {
          "version": "4.0.0",
          "resolved": "https://registry.npmjs.org/kind-of/-/kind-of-4.0.0.tgz",
          "integrity": "sha1-IIE989cSkosgc3hpGkUGb65y3Vc=",
          "requires": {
            "is-buffer": "1.1.6"
          }
        }
      }
    },
    "readable-stream": {
      "version": "2.3.3",
      "resolved": "https://registry.npmjs.org/readable-stream/-/readable-stream-2.3.3.tgz",
      "integrity": "sha512-m+qzzcn7KUxEmd1gMbchF+Y2eIUbieUaxkWtptyHywrX0rE8QEYqPC07Vuy4Wm32/xE16NcdBctb8S0Xe/5IeQ==",
      "requires": {
        "core-util-is": "1.0.2",
        "inherits": "2.0.3",
        "isarray": "1.0.0",
        "process-nextick-args": "1.0.7",
        "safe-buffer": "5.1.1",
        "string_decoder": "1.0.3",
        "util-deprecate": "1.0.2"
      }
    },
    "readdirp": {
      "version": "2.1.0",
      "resolved": "https://registry.npmjs.org/readdirp/-/readdirp-2.1.0.tgz",
      "integrity": "sha1-TtCtBg3zBzMAxIRANz9y0cxkLXg=",
      "requires": {
        "graceful-fs": "4.1.11",
        "minimatch": "3.0.4",
        "readable-stream": "2.3.3",
        "set-immediate-shim": "1.0.1"
      }
    },
    "regex-cache": {
      "version": "0.4.4",
      "resolved": "https://registry.npmjs.org/regex-cache/-/regex-cache-0.4.4.tgz",
      "integrity": "sha512-nVIZwtCjkC9YgvWkpM55B5rBhBYRZhAaJbgcFYXXsHnbZ9UZI9nnVWYZpBlCqv9ho2eZryPnWrZGsOdPwVWXWQ==",
      "requires": {
        "is-equal-shallow": "0.1.3"
      }
    },
    "remove-trailing-separator": {
      "version": "1.1.0",
      "resolved": "https://registry.npmjs.org/remove-trailing-separator/-/remove-trailing-separator-1.1.0.tgz",
      "integrity": "sha1-wkvOKig62tW8P1jg1IJJuSN52O8="
    },
    "repeat-element": {
      "version": "1.1.2",
      "resolved": "https://registry.npmjs.org/repeat-element/-/repeat-element-1.1.2.tgz",
      "integrity": "sha1-7wiaF40Ug7quTZPrmLT55OEdmQo="
    },
    "repeat-string": {
      "version": "1.6.1",
      "resolved": "https://registry.npmjs.org/repeat-string/-/repeat-string-1.6.1.tgz",
      "integrity": "sha1-jcrkcOHIirwtYA//Sndihtp15jc="
    },
    "safe-buffer": {
      "version": "5.1.1",
      "resolved": "https://registry.npmjs.org/safe-buffer/-/safe-buffer-5.1.1.tgz",
      "integrity": "sha512-kKvNJn6Mm93gAczWVJg7wH+wGYWNrDHdWvpUmHyEsgCtIwwo3bqPtV4tR5tuPaUhTOo/kvhVwd8XwwOllGYkbg=="
    },
    "set-immediate-shim": {
      "version": "1.0.1",
      "resolved": "https://registry.npmjs.org/set-immediate-shim/-/set-immediate-shim-1.0.1.tgz",
      "integrity": "sha1-SysbJ+uAip+NzEgaWOXlb1mfP2E="
    },
    "source-map": {
      "version": "0.6.1",
      "resolved": "https://registry.npmjs.org/source-map/-/source-map-0.6.1.tgz",
      "integrity": "sha512-UjgapumWlbMhkBgzT7Ykc5YXUT46F0iKu8SGXq0bcwP5dz/h0Plj6enJqjz1Zbq2l5WaqYnrVbwWOWMyF3F47g=="
    },
    "string_decoder": {
      "version": "1.0.3",
      "resolved": "https://registry.npmjs.org/string_decoder/-/string_decoder-1.0.3.tgz",
      "integrity": "sha512-4AH6Z5fzNNBcH+6XDMfA/BTt87skxqJlO0lAh3Dker5zThcAxG6mKz+iGu308UKoPPQ8Dcqx/4JhujzltRa+hQ==",
      "requires": {
        "safe-buffer": "5.1.1"
      }
    },
    "uglify-js": {
      "version": "3.3.7",
      "resolved": "https://registry.npmjs.org/uglify-js/-/uglify-js-3.3.7.tgz",
      "integrity": "sha512-esJIpNQIC44EFSrbeFPhiXHy2HJ+dTcnn0Zdkn+5meuLsvoV0mFJffKlyezNIIHNfhF0NpgbifygCfEyAogIhQ==",
      "requires": {
        "commander": "2.13.0",
        "source-map": "0.6.1"
      }
    },
    "util": {
      "version": "0.10.3",
      "resolved": "https://registry.npmjs.org/util/-/util-0.10.3.tgz",
      "integrity": "sha1-evsa/lCAUkZInj23/g7TeTNqwPk=",
      "requires": {
        "inherits": "2.0.1"
      },
      "dependencies": {
        "inherits": {
          "version": "2.0.1",
          "resolved": "https://registry.npmjs.org/inherits/-/inherits-2.0.1.tgz",
          "integrity": "sha1-sX0I0ya0Qj5Wjv9xn5GwscvfafE="
        }
      }
    },
    "util-deprecate": {
      "version": "1.0.2",
      "resolved": "https://registry.npmjs.org/util-deprecate/-/util-deprecate-1.0.2.tgz",
      "integrity": "sha1-RQ1Nyfpw3nMnYvvS1KKJgUGaDM8="
    }
  }
}
